
Microsoft Visual Studio Solution File, Format Version 12.00
# Visual Studio Version 16
VisualStudioVersion = 16.0.29806.167
MinimumVisualStudioVersion = 10.0.40219.1
Project("{FAE04EC0-301F-11D3-BF4B-00C04F79EFBC}") = "UltrasonicTesting", "UltrasonicTesting\UltrasonicTesting.csproj", "{E179A978-4CBB-470B-8BBA-06A42D0607A5}"
EndProject
Project("{FAE04EC0-301F-11D3-BF4B-00C04F79EFBC}") = "UltrasonicTesting_Tests", "UltrasonicTesting_Tests\UltrasonicTesting_Tests.csproj", "{0E4D749B-FF40-4ED1-B371-6E55A1486E9B}"
EndProject
Project("{FAE04EC0-301F-11D3-BF4B-00C04F79EFBC}") = "UltrasonicTestingForms", "UltrasonicTestingForms\UltrasonicTestingForms.csproj", "{E3C3DBA9-7F2D-4181-BEF8-526D9E293388}"
EndProject
Project("{54435603-DBB4-11D2-8724-00A0C9A8B90C}") = "Setup", "Setup\Setup.vdproj", "{6E4C43AE-8F98-4379-9EB1-963118A7EE9E}"
EndProject
Global
	GlobalSection(SolutionConfigurationPlatforms) = preSolution
		Debug|Any CPU = Debug|Any CPU
		Release|Any CPU = Release|Any CPU
	EndGlobalSection
	GlobalSection(ProjectConfigurationPlatforms) = postSolution
		{E179A978-4CBB-470B-8BBA-06A42D0607A5}.Debug|Any CPU.ActiveCfg = Debug|Any CPU
		{E179A978-4CBB-470B-8BBA-06A42D0607A5}.Debug|Any CPU.Build.0 = Debug|Any CPU
		{E179A978-4CBB-470B-8BBA-06A42D0607A5}.Release|Any CPU.ActiveCfg = Release|Any CPU
		{E179A978-4CBB-470B-8BBA-06A42D0607A5}.Release|Any CPU.Build.0 = Release|Any CPU
		{0E4D749B-FF40-4ED1-B371-6E55A1486E9B}.Debug|Any CPU.ActiveCfg = Debug|Any CPU
		{0E4D749B-FF40-4ED1-B371-6E55A1486E9B}.Release|Any CPU.ActiveCfg = Release|Any CPU
		{0E4D749B-FF40-4ED1-B371-6E55A1486E9B}.Release|Any CPU.Build.0 = Release|Any CPU
		{E3C3DBA9-7F2D-4181-BEF8-526D9E293388}.Debug|Any CPU.ActiveCfg = Release|Any CPU
		{E3C3DBA9-7F2D-4181-BEF8-526D9E293388}.Debug|Any CPU.Build.0 = Release|Any CPU
		{E3C3DBA9-7F2D-4181-BEF8-526D9E293388}.Release|Any CPU.ActiveCfg = Release|Any CPU
		{E3C3DBA9-7F2D-4181-BEF8-526D9E293388}.Release|Any CPU.Build.0 = Release|Any CPU
		{6E4C43AE-8F98-4379-9EB1-963118A7EE9E}.Debug|Any CPU.ActiveCfg = Debug
		{6E4C43AE-8F98-4379-9EB1-963118A7EE9E}.Release|Any CPU.ActiveCfg = Release
	EndGlobalSection
	GlobalSection(SolutionProperties) = preSolution
		HideSolutionNode = FALSE
	EndGlobalSection
	GlobalSection(ExtensibilityGlobals) = postSolution
		SolutionGuid = {4B94B137-D41F-4C4B-AE3E-6463AE45E157}
	EndGlobalSection
EndGlobal
